
Microsoft Visual Studio Solution File, Format Version 12.00
# Visual Studio Version 16
VisualStudioVersion = 16.0.28809.33
MinimumVisualStudioVersion = 10.0.40219.1
Project("{2150E333-8FDC-42A3-9474-1A3956D46DE8}") = "Web", "Web", "{B8B63D6D-380F-4128-A34A-12402C6B4C19}"
EndProject
Project("{9A19103F-16F7-4668-BE54-9A1E7A4F7556}") = "Rmdb.Web.Client", "..\Rmdb.Web.Client\Rmdb.Web.Client.csproj", "{C1BBA46C-2C8E-414B-92EE-AD9427104213}"
EndProject
Global
	GlobalSection(SolutionConfigurationPlatforms) = preSolution
		Debug|Any CPU = Debug|Any CPU
		Release|Any CPU = Release|Any CPU
	EndGlobalSection
	GlobalSection(ProjectConfigurationPlatforms) = postSolution
		{C1BBA46C-2C8E-414B-92EE-AD9427104213}.Debug|Any CPU.ActiveCfg = Debug|Any CPU
		{C1BBA46C-2C8E-414B-92EE-AD9427104213}.Debug|Any CPU.Build.0 = Debug|Any CPU
		{C1BBA46C-2C8E-414B-92EE-AD9427104213}.Release|Any CPU.ActiveCfg = Release|Any CPU
		{C1BBA46C-2C8E-414B-92EE-AD9427104213}.Release|Any CPU.Build.0 = Release|Any CPU
	EndGlobalSection
	GlobalSection(SolutionProperties) = preSolution
		HideSolutionNode = FALSE
	EndGlobalSection
	GlobalSection(NestedProjects) = preSolution
		{C1BBA46C-2C8E-414B-92EE-AD9427104213} = {B8B63D6D-380F-4128-A34A-12402C6B4C19}
	EndGlobalSection
	GlobalSection(ExtensibilityGlobals) = postSolution
		SolutionGuid = {96CB2502-049A-4B51-A0D9-01724494A6EC}
	EndGlobalSection
EndGlobal
